{
  "name": "just-uuid4",
  "version": "1.0.0",
  "lockfileVersion": 1,
  "requires": true,
  "dependencies": {
    "deep-equal": {
      "version": "1.0.1",
      "resolved": "https://registry.npmjs.org/deep-equal/-/deep-equal-1.0.1.tgz",
      "integrity": "sha1-9dJgKStmDghO/0zbyfCK0yR0SLU=",
      "dev": true
    },
    "zora": {
      "version": "2.0.1",
      "resolved": "https://registry.npmjs.org/zora/-/zora-2.0.1.tgz",
      "integrity": "sha512-BHq+KJR3HZLZXU7MDMzAF69cKC6I1EiVzlS3/gFia61FsFx4dbwb3PP9r2q83Kalk5Z65oe+yqvWmqKnuWbp7Q==",
      "dev": true,
      "requires": {
        "deep-equal": "1.0.1"
      }
    }
  }
}
